
Microsoft Visual Studio Solution File, Format Version 12.00
# Visual Studio Version 17
VisualStudioVersion = 17.11.35222.181
MinimumVisualStudioVersion = 10.0.40219.1
Project("{FAE04EC0-301F-11D3-BF4B-00C04F79EFBC}") = "NamedHttpClient.API", "src\NamedHttpClient.API\NamedHttpClient.API.csproj", "{BFB428AD-D134-4A55-A9E7-24A3AD0BAE41}"
EndProject
Project("{2150E333-8FDC-42A3-9474-1A3956D46DE8}") = "Tests", "Tests", "{CC41285B-F14A-45F4-A2DF-D67220FBBA9B}"
EndProject
Project("{FAE04EC0-301F-11D3-BF4B-00C04F79EFBC}") = "UnitTests", "tests\UnitTests\UnitTests.csproj", "{9461AEC4-F080-4601-8920-0FA4DA708F3E}"
EndProject
Global
	GlobalSection(SolutionConfigurationPlatforms) = preSolution
		Debug|Any CPU = Debug|Any CPU
		Release|Any CPU = Release|Any CPU
	EndGlobalSection
	GlobalSection(ProjectConfigurationPlatforms) = postSolution
		{BFB428AD-D134-4A55-A9E7-24A3AD0BAE41}.Debug|Any CPU.ActiveCfg = Debug|Any CPU
		{BFB428AD-D134-4A55-A9E7-24A3AD0BAE41}.Debug|Any CPU.Build.0 = Debug|Any CPU
		{BFB428AD-D134-4A55-A9E7-24A3AD0BAE41}.Release|Any CPU.ActiveCfg = Release|Any CPU
		{BFB428AD-D134-4A55-A9E7-24A3AD0BAE41}.Release|Any CPU.Build.0 = Release|Any CPU
		{9461AEC4-F080-4601-8920-0FA4DA708F3E}.Debug|Any CPU.ActiveCfg = Debug|Any CPU
		{9461AEC4-F080-4601-8920-0FA4DA708F3E}.Debug|Any CPU.Build.0 = Debug|Any CPU
		{9461AEC4-F080-4601-8920-0FA4DA708F3E}.Release|Any CPU.ActiveCfg = Release|Any CPU
		{9461AEC4-F080-4601-8920-0FA4DA708F3E}.Release|Any CPU.Build.0 = Release|Any CPU
	EndGlobalSection
	GlobalSection(SolutionProperties) = preSolution
		HideSolutionNode = FALSE
	EndGlobalSection
	GlobalSection(NestedProjects) = preSolution
		{9461AEC4-F080-4601-8920-0FA4DA708F3E} = {CC41285B-F14A-45F4-A2DF-D67220FBBA9B}
	EndGlobalSection
	GlobalSection(ExtensibilityGlobals) = postSolution
		SolutionGuid = {A54D8F27-1AFE-4936-8D7D-C01349EBBC4F}
	EndGlobalSection
EndGlobal
